// !$*UTF8*$!
{
	archiveVersion = 1;
	classes = {
	};
	objectVersion = 50;
	objects = {

/* Begin PBXBuildFile section */
		F9AF56102589EEE7008EDB60 /* AppDelegate.swift in Sources */ = {isa = PBXBuildFile; fileRef = F9AF560F2589EEE7008EDB60 /* AppDelegate.swift */; };
		F9AF56122589EEE7008EDB60 /* SceneDelegate.swift in Sources */ = {isa = PBXBuildFile; fileRef = F9AF56112589EEE7008EDB60 /* SceneDelegate.swift */; };
		F9AF56142589EEE7008EDB60 /* ViewController.swift in Sources */ = {isa = PBXBuildFile; fileRef = F9AF56132589EEE7008EDB60 /* ViewController.swift */; };
		F9AF56172589EEE7008EDB60 /* Main.storyboard in Resources */ = {isa = PBXBuildFile; fileRef = F9AF56152589EEE7008EDB60 /* Main.storyboard */; };
		F9AF56192589EEE9008EDB60 /* Assets.xcassets in Resources */ = {isa = PBXBuildFile; fileRef = F9AF56182589EEE9008EDB60 /* Assets.xcassets */; };
		F9AF561C2589EEE9008EDB60 /* LaunchScreen.storyboard in Resources */ = {isa = PBXBuildFile; fileRef = F9AF561A2589EEE9008EDB60 /* LaunchScreen.storyboard */; };
		F9AF562D2589EF75008EDB60 /* Icon@2x.png in Resources */ = {isa = PBXBuildFile; fileRef = F9AF56242589EF75008EDB60 /* Icon@2x.png */; };
		F9AF562E2589EF75008EDB60 /* iPad_board.png in Resources */ = {isa = PBXBuildFile; fileRef = F9AF56252589EF75008EDB60 /* iPad_board.png */; };
		F9AF562F2589EF75008EDB60 /* iPhone_X.png in Resources */ = {isa = PBXBuildFile; fileRef = F9AF56262589EF75008EDB60 /* iPhone_X.png */; };
		F9AF56302589EF75008EDB60 /* Icon.png in Resources */ = {isa = PBXBuildFile; fileRef = F9AF56272589EF75008EDB60 /* Icon.png */; };
		F9AF56312589EF75008EDB60 /* iPhone_O.png in Resources */ = {isa = PBXBuildFile; fileRef = F9AF56282589EF75008EDB60 /* iPhone_O.png */; };
		F9AF56322589EF75008EDB60 /* iPad_X.png in Resources */ = {isa = PBXBuildFile; fileRef = F9AF56292589EF75008EDB60 /* iPad_X.png */; };
		F9AF56332589EF75008EDB60 /* iPad_O.png in Resources */ = {isa = PBXBuildFile; fileRef = F9AF562A2589EF75008EDB60 /* iPad_O.png */; };
		F9AF56342589EF75008EDB60 /* Icon-72.png in Resources */ = {isa = PBXBuildFile; fileRef = F9AF562B2589EF75008EDB60 /* Icon-72.png */; };
		F9AF56352589EF75008EDB60 /* iPhone_board.png in Resources */ = {isa = PBXBuildFile; fileRef = F9AF562C2589EF75008EDB60 /* iPhone_board.png */; };
		F9AF5638258A01D7008EDB60 /* TicTacToeGame.swift in Sources */ = {isa = PBXBuildFile; fileRef = F9AF5637258A01D7008EDB60 /* TicTacToeGame.swift */; };
/* End PBXBuildFile section */

/* Begin PBXFileReference section */
		F9AF560C2589EEE7008EDB60 /* Tic-Tac-Toe.app */ = {isa = PBXFileReference; explicitFileType = wrapper.application; includeInIndex = 0; path = "Tic-Tac-Toe.app"; sourceTree = BUILT_PRODUCTS_DIR; };
		F9AF560F2589EEE7008EDB60 /* AppDelegate.swift */ = {isa = PBXFileReference; lastKnownFileType = sourcecode.swift; path = AppDelegate.swift; sourceTree = "<group>"; };
		F9AF56112589EEE7008EDB60 /* SceneDelegate.swift */ = {isa = PBXFileReference; lastKnownFileType = sourcecode.swift; path = SceneDelegate.swift; sourceTree = "<group>"; };
		F9AF56132589EEE7008EDB60 /* ViewController.swift */ = {isa = PBXFileReference; lastKnownFileType = sourcecode.swift; path = ViewController.swift; sourceTree = "<group>"; };
		F9AF56162589EEE7008EDB60 /* Base */ = {isa = PBXFileReference; lastKnownFileType = file.storyboard; name = Base; path = Base.lproj/Main.storyboard; sourceTree = "<group>"; };
		F9AF56182589EEE9008EDB60 /* Assets.xcassets */ = {isa = PBXFileReference; lastKnownFileType = folder.assetcatalog; path = Assets.xcassets; sourceTree = "<group>"; };
		F9AF561B2589EEE9008EDB60 /* Base */ = {isa = PBXFileReference; lastKnownFileType = file.storyboard; name = Base; path = Base.lproj/LaunchScreen.storyboard; sourceTree = "<group>"; };
		F9AF561D2589EEE9008EDB60 /* Info.plist */ = {isa = PBXFileReference; lastKnownFileType = text.plist.xml; path = Info.plist; sourceTree = "<group>"; };
		F9AF56242589EF75008EDB60 /* Icon@2x.png */ = {isa = PBXFileReference; lastKnownFileType = image.png; path = "Icon@2x.png"; sourceTree = "<group>"; };
		F9AF56252589EF75008EDB60 /* iPad_board.png */ = {isa = PBXFileReference; lastKnownFileType = image.png; path = iPad_board.png; sourceTree = "<group>"; };
		F9AF56262589EF75008EDB60 /* iPhone_X.png */ = {isa = PBXFileReference; lastKnownFileType = image.png; path = iPhone_X.png; sourceTree = "<group>"; };
		F9AF56272589EF75008EDB60 /* Icon.png */ = {isa = PBXFileReference; lastKnownFileType = image.png; path = Icon.png; sourceTree = "<group>"; };
		F9AF56282589EF75008EDB60 /* iPhone_O.png */ = {isa = PBXFileReference; lastKnownFileType = image.png; path = iPhone_O.png; sourceTree = "<group>"; };
		F9AF56292589EF75008EDB60 /* iPad_X.png */ = {isa = PBXFileReference; lastKnownFileType = image.png; path = iPad_X.png; sourceTree = "<group>"; };
		F9AF562A2589EF75008EDB60 /* iPad_O.png */ = {isa = PBXFileReference; lastKnownFileType = image.png; path = iPad_O.png; sourceTree = "<group>"; };
		F9AF562B2589EF75008EDB60 /* Icon-72.png */ = {isa = PBXFileReference; lastKnownFileType = image.png; path = "Icon-72.png"; sourceTree = "<group>"; };
		F9AF562C2589EF75008EDB60 /* iPhone_board.png */ = {isa = PBXFileReference; lastKnownFileType = image.png; path = iPhone_board.png; sourceTree = "<group>"; };
		F9AF5637258A01D7008EDB60 /* TicTacToeGame.swift */ = {isa = PBXFileReference; lastKnownFileType = sourcecode.swift; path = TicTacToeGame.swift; sourceTree = "<group>"; };
/* End PBXFileReference section */

/* Begin PBXFrameworksBuildPhase section */
		F9AF56092589EEE7008EDB60 /* Frameworks */ = {
			isa = PBXFrameworksBuildPhase;
			buildActionMask = 2147483647;
			files = (
			);
			runOnlyForDeploymentPostprocessing = 0;
		};
/* End PBXFrameworksBuildPhase section */

/* Begin PBXGroup section */
		F9AF56032589EEE7008EDB60 = {
			isa = PBXGroup;
			children = (
				F9AF560E2589EEE7008EDB60 /* Tic-Tac-Toe */,
				F9AF560D2589EEE7008EDB60 /* Products */,
			);
			sourceTree = "<group>";
		};
		F9AF560D2589EEE7008EDB60 /* Products */ = {
			isa = PBXGroup;
			children = (
				F9AF560C2589EEE7008EDB60 /* Tic-Tac-Toe.app */,
			);
			name = Products;
			sourceTree = "<group>";
		};
		F9AF560E2589EEE7008EDB60 /* Tic-Tac-Toe */ = {
			isa = PBXGroup;
			children = (
				F9AF562B2589EF75008EDB60 /* Icon-72.png */,
				F9AF56272589EF75008EDB60 /* Icon.png */,
				F9AF56242589EF75008EDB60 /* Icon@2x.png */,
				F9AF56252589EF75008EDB60 /* iPad_board.png */,
				F9AF562A2589EF75008EDB60 /* iPad_O.png */,
				F9AF56292589EF75008EDB60 /* iPad_X.png */,
				F9AF562C2589EF75008EDB60 /* iPhone_board.png */,
				F9AF56282589EF75008EDB60 /* iPhone_O.png */,
				F9AF56262589EF75008EDB60 /* iPhone_X.png */,
				F9AF560F2589EEE7008EDB60 /* AppDelegate.swift */,
				F9AF56112589EEE7008EDB60 /* SceneDelegate.swift */,
				F9AF56132589EEE7008EDB60 /* ViewController.swift */,
				F9AF56152589EEE7008EDB60 /* Main.storyboard */,
				F9AF56182589EEE9008EDB60 /* Assets.xcassets */,
				F9AF561A2589EEE9008EDB60 /* LaunchScreen.storyboard */,
				F9AF561D2589EEE9008EDB60 /* Info.plist */,
				F9AF5637258A01D7008EDB60 /* TicTacToeGame.swift */,
			);
			path = "Tic-Tac-Toe";
			sourceTree = "<group>";
		};
/* End PBXGroup section */

/* Begin PBXNativeTarget section */
		F9AF560B2589EEE7008EDB60 /* Tic-Tac-Toe */ = {
			isa = PBXNativeTarget;
			buildConfigurationList = F9AF56202589EEE9008EDB60 /* Build configuration list for PBXNativeTarget "Tic-Tac-Toe" */;
			buildPhases = (
				F9AF56082589EEE7008EDB60 /* Sources */,
				F9AF56092589EEE7008EDB60 /* Frameworks */,
				F9AF560A2589EEE7008EDB60 /* Resources */,
			);
			buildRules = (
			);
			dependencies = (
			);
			name = "Tic-Tac-Toe";
			productName = "Tic-Tac-Toe";
			productReference = F9AF560C2589EEE7008EDB60 /* Tic-Tac-Toe.app */;
			productType = "com.apple.product-type.application";
		};
/* End PBXNativeTarget section */

/* Begin PBXProject section */
		F9AF56042589EEE7008EDB60 /* Project object */ = {
			isa = PBXProject;
			attributes = {
				LastSwiftUpdateCheck = 1220;
				LastUpgradeCheck = 1220;
				TargetAttributes = {
					F9AF560B2589EEE7008EDB60 = {
						CreatedOnToolsVersion = 12.2;
					};
				};
			};
			buildConfigurationList = F9AF56072589EEE7008EDB60 /* Build configuration list for PBXProject "Tic-Tac-Toe" */;
			compatibilityVersion = "Xcode 9.3";
			developmentRegion = en;
			hasScannedForEncodings = 0;
			knownRegions = (
				en,
				Base,
			);
			mainGroup = F9AF56032589EEE7008EDB60;
			productRefGroup = F9AF560D2589EEE7008EDB60 /* Products */;
			projectDirPath = "";
			projectRoot = "";
			targets = (
				F9AF560B2589EEE7008EDB60 /* Tic-Tac-Toe */,
			);
		};
/* End PBXProject section */

/* Begin PBXResourcesBuildPhase section */
		F9AF560A2589EEE7008EDB60 /* Resources */ = {
			isa = PBXResourcesBuildPhase;
			buildActionMask = 2147483647;
			files = (
				F9AF56312589EF75008EDB60 /* iPhone_O.png in Resources */,
				F9AF56332589EF75008EDB60 /* iPad_O.png in Resources */,
				F9AF562E2589EF75008EDB60 /* iPad_board.png in Resources */,
				F9AF56342589EF75008EDB60 /* Icon-72.png in Resources */,
				F9AF561C2589EEE9008EDB60 /* LaunchScreen.storyboard in Resources */,
				F9AF56352589EF75008EDB60 /* iPhone_board.png in Resources */,
				F9AF562D2589EF75008EDB60 /* Icon@2x.png in Resources */,
				F9AF56192589EEE9008EDB60 /* Assets.xcassets in Resources */,
				F9AF56172589EEE7008EDB60 /* Main.storyboard in Resources */,
				F9AF56302589EF75008EDB60 /* Icon.png in Resources */,
				F9AF56322589EF75008EDB60 /* iPad_X.png in Resources */,
				F9AF562F2589EF75008EDB60 /* iPhone_X.png in Resources */,
			);
			runOnlyForDeploymentPostprocessing = 0;
		};
/* End PBXResourcesBuildPhase section */

/* Begin PBXSourcesBuildPhase section */
		F9AF56082589EEE7008EDB60 /* Sources */ = {
			isa = PBXSourcesBuildPhase;
			buildActionMask = 2147483647;
			files = (
				F9AF5638258A01D7008EDB60 /* TicTacToeGame.swift in Sources */,
				F9AF56142589EEE7008EDB60 /* ViewController.swift in Sources */,
				F9AF56102589EEE7008EDB60 /* AppDelegate.swift in Sources */,
				F9AF56122589EEE7008EDB60 /* SceneDelegate.swift in Sources */,
			);
			runOnlyForDeploymentPostprocessing = 0;
		};
/* End PBXSourcesBuildPhase section */

/* Begin PBXVariantGroup section */
		F9AF56152589EEE7008EDB60 /* Main.storyboard */ = {
			isa = PBXVariantGroup;
			children = (
				F9AF56162589EEE7008EDB60 /* Base */,
			);
			name = Main.storyboard;
			sourceTree = "<group>";
		};
		F9AF561A2589EEE9008EDB60 /* LaunchScreen.storyboard */ = {
			isa = PBXVariantGroup;
			children = (
				F9AF561B2589EEE9008EDB60 /* Base */,
			);
			name = LaunchScreen.storyboard;
			sourceTree = "<group>";
		};
/* End PBXVariantGroup section */

/* Begin XCBuildConfiguration section */
		F9AF561E2589EEE9008EDB60 /* Debug */ = {
			isa = XCBuildConfiguration;
			buildSettings = {
				ALWAYS_SEARCH_USER_PATHS = NO;
				CLANG_ANALYZER_NONNULL = YES;
				CLANG_ANALYZER_NUMBER_OBJECT_CONVERSION = YES_AGGRESSIVE;
				CLANG_CXX_LANGUAGE_STANDARD = "gnu++14";
				CLANG_CXX_LIBRARY = "libc++";
				CLANG_ENABLE_MODULES = YES;
				CLANG_ENABLE_OBJC_ARC = YES;
				CLANG_ENABLE_OBJC_WEAK = YES;
				CLANG_WARN_BLOCK_CAPTURE_AUTORELEASING = YES;
				CLANG_WARN_BOOL_CONVERSION = YES;
				CLANG_WARN_COMMA = YES;
				CLANG_WARN_CONSTANT_CONVERSION = YES;
				CLANG_WARN_DEPRECATED_OBJC_IMPLEMENTATIONS = YES;
				CLANG_WARN_DIRECT_OBJC_ISA_USAGE = YES_ERROR;
				CLANG_WARN_DOCUMENTATION_COMMENTS = YES;
				CLANG_WARN_EMPTY_BODY = YES;
				CLANG_WARN_ENUM_CONVERSION = YES;
				CLANG_WARN_INFINITE_RECURSION = YES;
				CLANG_WARN_INT_CONVERSION = YES;
				CLANG_WARN_NON_LITERAL_NULL_CONVERSION = YES;
				CLANG_WARN_OBJC_IMPLICIT_RETAIN_SELF = YES;
				CLANG_WARN_OBJC_LITERAL_CONVERSION = YES;
				CLANG_WARN_OBJC_ROOT_CLASS = YES_ERROR;
				CLANG_WARN_QUOTED_INCLUDE_IN_FRAMEWORK_HEADER = YES;
				CLANG_WARN_RANGE_LOOP_ANALYSIS = YES;
				CLANG_WARN_STRICT_PROTOTYPES = YES;
				CLANG_WARN_SUSPICIOUS_MOVE = YES;
				CLANG_WARN_UNGUARDED_AVAILABILITY = YES_AGGRESSIVE;
				CLANG_WARN_UNREACHABLE_CODE = YES;
				CLANG_WARN__DUPLICATE_METHOD_MATCH = YES;
				COPY_PHASE_STRIP = NO;
				DEBUG_INFORMATION_FORMAT = dwarf;
				ENABLE_STRICT_OBJC_MSGSEND = YES;
				ENABLE_TESTABILITY = YES;
				GCC_C_LANGUAGE_STANDARD = gnu11;
				GCC_DYNAMIC_NO_PIC = NO;
				GCC_NO_COMMON_BLOCKS = YES;
				GCC_OPTIMIZATION_LEVEL = 0;
				GCC_PREPROCESSOR_DEFINITIONS = (
					"DEBUG=1",
					"$(inherited)",
				);
				GCC_WARN_64_TO_32_BIT_CONVERSION = YES;
				GCC_WARN_ABOUT_RETURN_TYPE = YES_ERROR;
				GCC_WARN_UNDECLARED_SELECTOR = YES;
				GCC_WARN_UNINITIALIZED_AUTOS = YES_AGGRESSIVE;
				GCC_WARN_UNUSED_FUNCTION = YES;
				GCC_WARN_UNUSED_VARIABLE = YES;
				IPHONEOS_DEPLOYMENT_TARGET = 14.2;
				MTL_ENABLE_DEBUG_INFO = INCLUDE_SOURCE;
				MTL_FAST_MATH = YES;
				ONLY_ACTIVE_ARCH = YES;
				SDKROOT = iphoneos;
				SWIFT_ACTIVE_COMPILATION_CONDITIONS = DEBUG;
				SWIFT_OPTIMIZATION_LEVEL = "-Onone";
			};
			name = Debug;
		};
		F9AF561F2589EEE9008EDB60 /* Release */ = {
			isa = XCBuildConfiguration;
			buildSettings = {
				ALWAYS_SEARCH_USER_PATHS = NO;
				CLANG_ANALYZER_NONNULL = YES;
				CLANG_ANALYZER_NUMBER_OBJECT_CONVERSION = YES_AGGRESSIVE;
				CLANG_CXX_LANGUAGE_STANDARD = "gnu++14";
				CLANG_CXX_LIBRARY = "libc++";
				CLANG_ENABLE_MODULES = YES;
				CLANG_ENABLE_OBJC_ARC = YES;
				CLANG_ENABLE_OBJC_WEAK = YES;
				CLANG_WARN_BLOCK_CAPTURE_AUTORELEASING = YES;
				CLANG_WARN_BOOL_CONVERSION = YES;
				CLANG_WARN_COMMA = YES;
				CLANG_WARN_CONSTANT_CONVERSION = YES;
				CLANG_WARN_DEPRECATED_OBJC_IMPLEMENTATIONS = YES;
				CLANG_WARN_DIRECT_OBJC_ISA_USAGE = YES_ERROR;
				CLANG_WARN_DOCUMENTATION_COMMENTS = YES;
				CLANG_WARN_EMPTY_BODY = YES;
				CLANG_WARN_ENUM_CONVERSION = YES;
				CLANG_WARN_INFINITE_RECURSION = YES;
				CLANG_WARN_INT_CONVERSION = YES;
				CLANG_WARN_NON_LITERAL_NULL_CONVERSION = YES;
				CLANG_WARN_OBJC_IMPLICIT_RETAIN_SELF = YES;
				CLANG_WARN_OBJC_LITERAL_CONVERSION = YES;
				CLANG_WARN_OBJC_ROOT_CLASS = YES_ERROR;
				CLANG_WARN_QUOTED_INCLUDE_IN_FRAMEWORK_HEADER = YES;
				CLANG_WARN_RANGE_LOOP_ANALYSIS = YES;
				CLANG_WARN_STRICT_PROTOTYPES = YES;
				CLANG_WARN_SUSPICIOUS_MOVE = YES;
				CLANG_WARN_UNGUARDED_AVAILABILITY = YES_AGGRESSIVE;
				CLANG_WARN_UNREACHABLE_CODE = YES;
				CLANG_WARN__DUPLICATE_METHOD_MATCH = YES;
				COPY_PHASE_STRIP = NO;
				DEBUG_INFORMATION_FORMAT = "dwarf-with-dsym";
				ENABLE_NS_ASSERTIONS = NO;
				ENABLE_STRICT_OBJC_MSGSEND = YES;
				GCC_C_LANGUAGE_STANDARD = gnu11;
				GCC_NO_COMMON_BLOCKS = YES;
				GCC_WARN_64_TO_32_BIT_CONVERSION = YES;
				GCC_WARN_ABOUT_RETURN_TYPE = YES_ERROR;
				GCC_WARN_UNDECLARED_SELECTOR = YES;
				GCC_WARN_UNINITIALIZED_AUTOS = YES_AGGRESSIVE;
				GCC_WARN_UNUSED_FUNCTION = YES;
				GCC_WARN_UNUSED_VARIABLE = YES;
				IPHONEOS_DEPLOYMENT_TARGET = 14.2;
				MTL_ENABLE_DEBUG_INFO = NO;
				MTL_FAST_MATH = YES;
				SDKROOT = iphoneos;
				SWIFT_COMPILATION_MODE = wholemodule;
				SWIFT_OPTIMIZATION_LEVEL = "-O";
				VALIDATE_PRODUCT = YES;
			};
			name = Release;
		};
		F9AF56212589EEE9008EDB60 /* Debug */ = {
			isa = XCBuildConfiguration;
			buildSettings = {
				ASSETCATALOG_COMPILER_APPICON_NAME = AppIcon;
				ASSETCATALOG_COMPILER_GLOBAL_ACCENT_COLOR_NAME = AccentColor;
				CODE_SIGN_STYLE = Automatic;
				INFOPLIST_FILE = "Tic-Tac-Toe/Info.plist";
				LD_RUNPATH_SEARCH_PATHS = (
					"$(inherited)",
					"@executable_path/Frameworks",
				);
				PRODUCT_BUNDLE_IDENTIFIER = "edu.rose-hulman.sunh5.Tic-Tac-Toe";
				PRODUCT_NAME = "$(TARGET_NAME)";
				SWIFT_VERSION = 5.0;
				TARGETED_DEVICE_FAMILY = "1,2";
			};
			name = Debug;
		};
		F9AF56222589EEE9008EDB60 /* Release */ = {
			isa = XCBuildConfiguration;
			buildSettings = {
				ASSETCATALOG_COMPILER_APPICON_NAME = AppIcon;
				ASSETCATALOG_COMPILER_GLOBAL_ACCENT_COLOR_NAME = AccentColor;
				CODE_SIGN_STYLE = Automatic;
				INFOPLIST_FILE = "Tic-Tac-Toe/Info.plist";
				LD_RUNPATH_SEARCH_PATHS = (
					"$(inherited)",
					"@executable_path/Frameworks",
				);
				PRODUCT_BUNDLE_IDENTIFIER = "edu.rose-hulman.sunh5.Tic-Tac-Toe";
				PRODUCT_NAME = "$(TARGET_NAME)";
				SWIFT_VERSION = 5.0;
				TARGETED_DEVICE_FAMILY = "1,2";
			};
			name = Release;
		};
/* End XCBuildConfiguration section */

/* Begin XCConfigurationList section */
		F9AF56072589EEE7008EDB60 /* Build configuration list for PBXProject "Tic-Tac-Toe" */ = {
			isa = XCConfigurationList;
			buildConfigurations = (
				F9AF561E2589EEE9008EDB60 /* Debug */,
				F9AF561F2589EEE9008EDB60 /* Release */,
			);
			defaultConfigurationIsVisible = 0;
			defaultConfigurationName = Release;
		};
		F9AF56202589EEE9008EDB60 /* Build configuration list for PBXNativeTarget "Tic-Tac-Toe" */ = {
			isa = XCConfigurationList;
			buildConfigurations = (
				F9AF56212589EEE9008EDB60 /* Debug */,
				F9AF56222589EEE9008EDB60 /* Release */,
			);
			defaultConfigurationIsVisible = 0;
			defaultConfigurationName = Release;
		};
/* End XCConfigurationList section */
	};
	rootObject = F9AF56042589EEE7008EDB60 /* Project object */;
}
